
Microsoft Visual Studio Solution File, Format Version 12.00
# Visual Studio Version 16
VisualStudioVersion = 16.0.31702.278
MinimumVisualStudioVersion = 10.0.40219.1
Project("{FAE04EC0-301F-11D3-BF4B-00C04F79EFBC}") = "my_rect", "my_rect.csproj", "{50D9590F-297C-44FF-B1DE-7190EA7CD0A4}"
EndProject
Global
	GlobalSection(SolutionConfigurationPlatforms) = preSolution
		Debug|Any CPU = Debug|Any CPU
		Release|Any CPU = Release|Any CPU
	EndGlobalSection
	GlobalSection(ProjectConfigurationPlatforms) = postSolution
		{50D9590F-297C-44FF-B1DE-7190EA7CD0A4}.Debug|Any CPU.ActiveCfg = Debug|Any CPU
		{50D9590F-297C-44FF-B1DE-7190EA7CD0A4}.Debug|Any CPU.Build.0 = Debug|Any CPU
		{50D9590F-297C-44FF-B1DE-7190EA7CD0A4}.Release|Any CPU.ActiveCfg = Release|Any CPU
		{50D9590F-297C-44FF-B1DE-7190EA7CD0A4}.Release|Any CPU.Build.0 = Release|Any CPU
	EndGlobalSection
	GlobalSection(SolutionProperties) = preSolution
		HideSolutionNode = FALSE
	EndGlobalSection
	GlobalSection(ExtensibilityGlobals) = postSolution
		SolutionGuid = {0DB2E607-E8FC-4C43-B32C-F23259FB9DA3}
	EndGlobalSection
EndGlobal
