
Microsoft Visual Studio Solution File, Format Version 12.00
# Visual Studio Version 16
VisualStudioVersion = 16.0.31624.102
MinimumVisualStudioVersion = 10.0.40219.1
Project("{FAE04EC0-301F-11D3-BF4B-00C04F79EFBC}") = "2_biblio_forms", "2_biblio_forms.csproj", "{DFDBC117-7069-4C06-84E4-FCD66EBFF21F}"
EndProject
Global
	GlobalSection(SolutionConfigurationPlatforms) = preSolution
		Debug|Any CPU = Debug|Any CPU
		Release|Any CPU = Release|Any CPU
	EndGlobalSection
	GlobalSection(ProjectConfigurationPlatforms) = postSolution
		{DFDBC117-7069-4C06-84E4-FCD66EBFF21F}.Debug|Any CPU.ActiveCfg = Debug|Any CPU
		{DFDBC117-7069-4C06-84E4-FCD66EBFF21F}.Debug|Any CPU.Build.0 = Debug|Any CPU
		{DFDBC117-7069-4C06-84E4-FCD66EBFF21F}.Release|Any CPU.ActiveCfg = Release|Any CPU
		{DFDBC117-7069-4C06-84E4-FCD66EBFF21F}.Release|Any CPU.Build.0 = Release|Any CPU
	EndGlobalSection
	GlobalSection(SolutionProperties) = preSolution
		HideSolutionNode = FALSE
	EndGlobalSection
	GlobalSection(ExtensibilityGlobals) = postSolution
		SolutionGuid = {DA87E296-2532-4320-B710-912F1BF7AFD7}
	EndGlobalSection
EndGlobal
